# This file is automatically @generated by Cargo.
# It is not intended for manual editing.
version = 3

[[package]]
name = "core"
version = "0.1.0"
dependencies = [
 "subtle",
]

[[package]]
name = "elliptic-curve-cryptography"
version = "0.1.0"
dependencies = [
 "elliptic-curves",
 "finite-fields",
]

[[package]]
name = "elliptic-curves"
version = "0.1.0"
dependencies = [
 "finite-fields",
]

[[package]]
name = "finite-fields"
version = "0.1.0"

[[package]]
name = "subtle"
version = "2.5.0"
source = "registry+https://github.com/rust-lang/crates.io-index"
checksum = "81cdd64d312baedb58e21336b31bc043b77e01cc99033ce76ef539f78e965ebc"
